
Microsoft Visual Studio Solution File, Format Version 12.00
# Visual Studio Version 17
VisualStudioVersion = 17.14.35906.104 d17.14
MinimumVisualStudioVersion = 10.0.40219.1
Project("{FAE04EC0-301F-11D3-BF4B-00C04F79EFBC}") = "Lingualearn", "Lingualearn.csproj", "{ABCE80D7-84AC-458E-81BA-E1490563A188}"
EndProject
Global
	GlobalSection(SolutionConfigurationPlatforms) = preSolution
		Debug|Any CPU = Debug|Any CPU
		Release|Any CPU = Release|Any CPU
	EndGlobalSection
	GlobalSection(ProjectConfigurationPlatforms) = postSolution
		{ABCE80D7-84AC-458E-81BA-E1490563A188}.Debug|Any CPU.ActiveCfg = Debug|Any CPU
		{ABCE80D7-84AC-458E-81BA-E1490563A188}.Debug|Any CPU.Build.0 = Debug|Any CPU
		{ABCE80D7-84AC-458E-81BA-E1490563A188}.Release|Any CPU.ActiveCfg = Release|Any CPU
		{ABCE80D7-84AC-458E-81BA-E1490563A188}.Release|Any CPU.Build.0 = Release|Any CPU
	EndGlobalSection
	GlobalSection(SolutionProperties) = preSolution
		HideSolutionNode = FALSE
	EndGlobalSection
	GlobalSection(ExtensibilityGlobals) = postSolution
		SolutionGuid = {D40ACEC5-6DA1-4B2A-9962-70E3F140911D}
	EndGlobalSection
EndGlobal
